{
  "requires": true,
  "lockfileVersion": 1,
  "dependencies": {
    "@angular/core": {
      "version": "10.2.3",
      "resolved": "https://registry.npmjs.org/@angular/core/-/core-10.2.3.tgz",
      "integrity": "sha512-mE6nLpul/IJllk0VYrlrP69n0P7JPz+BHYAVobwO5+0EGO65ieTD18DxzfEt4eQgthnM3VQwSZxjW4n9Y1p/dQ==",
      "requires": {
        "tslib": "^2.0.0"
      }
    },
    "@angular/forms": {
      "version": "10.2.3",
      "resolved": "https://registry.npmjs.org/@angular/forms/-/forms-10.2.3.tgz",
      "integrity": "sha512-IcQ0xK+f84khGAs6cd0BUJIebFV3KQsVF9kbAX10bpPmleI62xI074mIefAiu3ZLEOm3OnhYDDZwrrk7UIrmow==",
      "requires": {
        "tslib": "^2.0.0"
      }
    },
    "@angular/router": {
      "version": "10.2.3",
      "resolved": "https://registry.npmjs.org/@angular/router/-/router-10.2.3.tgz",
      "integrity": "sha512-QUVqEOai3hASeMgTXIVo9Ql6EGJ+v0QHs/O+5pFplXGAzMQDpCnrpOuB4FExWxdafiiYfKfLlNvxj0tEJ2gU0w==",
      "requires": {
        "tslib": "^2.0.0"
      }
    },
    "angular": {
      "version": "1.8.2",
      "resolved": "https://registry.npmjs.org/angular/-/angular-1.8.2.tgz",
      "integrity": "sha512-IauMOej2xEe7/7Ennahkbb5qd/HFADiNuLSESz9Q27inmi32zB0lnAsFeLEWcox3Gd1F6YhNd1CP7/9IukJ0Gw=="
    },
    "tslib": {
      "version": "2.0.3",
      "resolved": "https://registry.npmjs.org/tslib/-/tslib-2.0.3.tgz",
      "integrity": "sha512-uZtkfKblCEQtZKBF6EBXVZeQNl82yqtDQdv+eck8u7tdPxjLu2/lp5/uPW+um2tpuxINHWy3GhiccY7QgEaVHQ=="
    }
  }
}
